
Microsoft Visual Studio Solution File, Format Version 12.00
# Visual Studio 15
VisualStudioVersion = 15.0.27428.2011
MinimumVisualStudioVersion = 10.0.40219.1
Project("{FAE04EC0-301F-11D3-BF4B-00C04F79EFBC}") = "binary-search", "binary-search\binary-search.csproj", "{10390BAC-DF6C-4421-9C3E-3AC27A1A5986}"
EndProject
Global
	GlobalSection(SolutionConfigurationPlatforms) = preSolution
		Debug|Any CPU = Debug|Any CPU
		Release|Any CPU = Release|Any CPU
	EndGlobalSection
	GlobalSection(ProjectConfigurationPlatforms) = postSolution
		{10390BAC-DF6C-4421-9C3E-3AC27A1A5986}.Debug|Any CPU.ActiveCfg = Debug|Any CPU
		{10390BAC-DF6C-4421-9C3E-3AC27A1A5986}.Debug|Any CPU.Build.0 = Debug|Any CPU
		{10390BAC-DF6C-4421-9C3E-3AC27A1A5986}.Release|Any CPU.ActiveCfg = Release|Any CPU
		{10390BAC-DF6C-4421-9C3E-3AC27A1A5986}.Release|Any CPU.Build.0 = Release|Any CPU
	EndGlobalSection
	GlobalSection(SolutionProperties) = preSolution
		HideSolutionNode = FALSE
	EndGlobalSection
	GlobalSection(ExtensibilityGlobals) = postSolution
		SolutionGuid = {89FBDF5D-26BE-4CE4-AC79-5749E8D099DE}
	EndGlobalSection
EndGlobal
