
Microsoft Visual Studio Solution File, Format Version 12.00
# Visual Studio 15
VisualStudioVersion = 15.0.27428.2011
MinimumVisualStudioVersion = 10.0.40219.1
Project("{9A19103F-16F7-4668-BE54-9A1E7A4F7556}") = "LinkedList", "LinkedList\LinkedList.csproj", "{318FCB98-68BD-4FDE-9C8C-3CD4051D0D09}"
EndProject
Project("{FAE04EC0-301F-11D3-BF4B-00C04F79EFBC}") = "SinglyLinkedTest", "SinglyLinkedTest\SinglyLinkedTest.csproj", "{A0A2FDE7-4C15-40F1-A857-DE1067540DD9}"
EndProject
Global
	GlobalSection(SolutionConfigurationPlatforms) = preSolution
		Debug|Any CPU = Debug|Any CPU
		Release|Any CPU = Release|Any CPU
	EndGlobalSection
	GlobalSection(ProjectConfigurationPlatforms) = postSolution
		{318FCB98-68BD-4FDE-9C8C-3CD4051D0D09}.Debug|Any CPU.ActiveCfg = Debug|Any CPU
		{318FCB98-68BD-4FDE-9C8C-3CD4051D0D09}.Debug|Any CPU.Build.0 = Debug|Any CPU
		{318FCB98-68BD-4FDE-9C8C-3CD4051D0D09}.Release|Any CPU.ActiveCfg = Release|Any CPU
		{318FCB98-68BD-4FDE-9C8C-3CD4051D0D09}.Release|Any CPU.Build.0 = Release|Any CPU
		{A0A2FDE7-4C15-40F1-A857-DE1067540DD9}.Debug|Any CPU.ActiveCfg = Debug|Any CPU
		{A0A2FDE7-4C15-40F1-A857-DE1067540DD9}.Debug|Any CPU.Build.0 = Debug|Any CPU
		{A0A2FDE7-4C15-40F1-A857-DE1067540DD9}.Release|Any CPU.ActiveCfg = Release|Any CPU
		{A0A2FDE7-4C15-40F1-A857-DE1067540DD9}.Release|Any CPU.Build.0 = Release|Any CPU
	EndGlobalSection
	GlobalSection(SolutionProperties) = preSolution
		HideSolutionNode = FALSE
	EndGlobalSection
	GlobalSection(ExtensibilityGlobals) = postSolution
		SolutionGuid = {8DED8D34-B00B-4355-BB6B-9E9F72099FD7}
	EndGlobalSection
EndGlobal
