
Microsoft Visual Studio Solution File, Format Version 12.00
# Visual Studio 15
VisualStudioVersion = 15.0.27428.2011
MinimumVisualStudioVersion = 10.0.40219.1
Project("{FAE04EC0-301F-11D3-BF4B-00C04F79EFBC}") = "BreadthFirstTraversal", "BreadthFirstTraversal\BreadthFirstTraversal.csproj", "{0A9FB824-8757-4178-85EC-876ABC590D03}"
EndProject
Global
	GlobalSection(SolutionConfigurationPlatforms) = preSolution
		Debug|Any CPU = Debug|Any CPU
		Release|Any CPU = Release|Any CPU
	EndGlobalSection
	GlobalSection(ProjectConfigurationPlatforms) = postSolution
		{0A9FB824-8757-4178-85EC-876ABC590D03}.Debug|Any CPU.ActiveCfg = Debug|Any CPU
		{0A9FB824-8757-4178-85EC-876ABC590D03}.Debug|Any CPU.Build.0 = Debug|Any CPU
		{0A9FB824-8757-4178-85EC-876ABC590D03}.Release|Any CPU.ActiveCfg = Release|Any CPU
		{0A9FB824-8757-4178-85EC-876ABC590D03}.Release|Any CPU.Build.0 = Release|Any CPU
	EndGlobalSection
	GlobalSection(SolutionProperties) = preSolution
		HideSolutionNode = FALSE
	EndGlobalSection
	GlobalSection(ExtensibilityGlobals) = postSolution
		SolutionGuid = {931E73EC-8A3A-4588-A355-21DF79AC043F}
	EndGlobalSection
EndGlobal
